// !$*UTF8*$!
{
	archiveVersion = 1;
	classes = {
	};
	objectVersion = 56;
	objects = {

/* Begin PBXBuildFile section */
		E90569172D508A2100B746ED /* Builder.swift in Sources */ = {isa = PBXBuildFile; fileRef = E90569162D508A2100B746ED /* Builder.swift */; };
		E953363C2D3F6CCC00161C8A /* FontManager.swift in Sources */ = {isa = PBXBuildFile; fileRef = E953363B2D3F6CCC00161C8A /* FontManager.swift */; };
		E95336402D3F784400161C8A /* Notification.Name.ext.swift in Sources */ = {isa = PBXBuildFile; fileRef = E953363F2D3F784400161C8A /* Notification.Name.ext.swift */; };
		E9A1E88A2D436E15003DDE57 /* PreviewView.swift in Sources */ = {isa = PBXBuildFile; fileRef = E9A1E8892D436E15003DDE57 /* PreviewView.swift */; };
		E9A1E88E2D475EDD003DDE57 /* bookAnimation.json in Resources */ = {isa = PBXBuildFile; fileRef = E9A1E88D2D475EDD003DDE57 /* bookAnimation.json */; };
		E9DBCB302D3C0BD700C96DE8 /* AppDelegate.swift in Sources */ = {isa = PBXBuildFile; fileRef = E9DBCB2F2D3C0BD700C96DE8 /* AppDelegate.swift */; };
		E9DBCB322D3C0BD700C96DE8 /* SceneDelegate.swift in Sources */ = {isa = PBXBuildFile; fileRef = E9DBCB312D3C0BD700C96DE8 /* SceneDelegate.swift */; };
		E9DBCB392D3C0BD800C96DE8 /* Assets.xcassets in Resources */ = {isa = PBXBuildFile; fileRef = E9DBCB382D3C0BD800C96DE8 /* Assets.xcassets */; };
		E9DBCB3C2D3C0BD800C96DE8 /* LaunchScreen.storyboard in Resources */ = {isa = PBXBuildFile; fileRef = E9DBCB3A2D3C0BD800C96DE8 /* LaunchScreen.storyboard */; };
		E9DBCB452D3C14DB00C96DE8 /* Jost.ttf in Resources */ = {isa = PBXBuildFile; fileRef = E9DBCB442D3C14DB00C96DE8 /* Jost.ttf */; };
		E9DBCB482D3C1B9300C96DE8 /* Lottie in Frameworks */ = {isa = PBXBuildFile; productRef = E9DBCB472D3C1B9300C96DE8 /* Lottie */; };
		E9DBCB4B2D3C216000C96DE8 /* book.json in Resources */ = {isa = PBXBuildFile; fileRef = E9DBCB4A2D3C216000C96DE8 /* book.json */; };
/* End PBXBuildFile section */

/* Begin PBXFileReference section */
		E90569162D508A2100B746ED /* Builder.swift */ = {isa = PBXFileReference; lastKnownFileType = sourcecode.swift; path = Builder.swift; sourceTree = "<group>"; };
		E953363B2D3F6CCC00161C8A /* FontManager.swift */ = {isa = PBXFileReference; lastKnownFileType = sourcecode.swift; path = FontManager.swift; sourceTree = "<group>"; };
		E953363F2D3F784400161C8A /* Notification.Name.ext.swift */ = {isa = PBXFileReference; lastKnownFileType = sourcecode.swift; path = Notification.Name.ext.swift; sourceTree = "<group>"; };
		E9A1E8892D436E15003DDE57 /* PreviewView.swift */ = {isa = PBXFileReference; lastKnownFileType = sourcecode.swift; path = PreviewView.swift; sourceTree = "<group>"; };
		E9A1E88D2D475EDD003DDE57 /* bookAnimation.json */ = {isa = PBXFileReference; fileEncoding = 4; lastKnownFileType = text.json; path = bookAnimation.json; sourceTree = "<group>"; };
		E9DBCB2C2D3C0BD700C96DE8 /* bookshelf.app */ = {isa = PBXFileReference; explicitFileType = wrapper.application; includeInIndex = 0; path = bookshelf.app; sourceTree = BUILT_PRODUCTS_DIR; };
		E9DBCB2F2D3C0BD700C96DE8 /* AppDelegate.swift */ = {isa = PBXFileReference; lastKnownFileType = sourcecode.swift; path = AppDelegate.swift; sourceTree = "<group>"; };
		E9DBCB312D3C0BD700C96DE8 /* SceneDelegate.swift */ = {isa = PBXFileReference; lastKnownFileType = sourcecode.swift; path = SceneDelegate.swift; sourceTree = "<group>"; };
		E9DBCB382D3C0BD800C96DE8 /* Assets.xcassets */ = {isa = PBXFileReference; lastKnownFileType = folder.assetcatalog; path = Assets.xcassets; sourceTree = "<group>"; };
		E9DBCB3B2D3C0BD800C96DE8 /* Base */ = {isa = PBXFileReference; lastKnownFileType = file.storyboard; name = Base; path = Base.lproj/LaunchScreen.storyboard; sourceTree = "<group>"; };
		E9DBCB3D2D3C0BD800C96DE8 /* Info.plist */ = {isa = PBXFileReference; lastKnownFileType = text.plist.xml; path = Info.plist; sourceTree = "<group>"; };
		E9DBCB442D3C14DB00C96DE8 /* Jost.ttf */ = {isa = PBXFileReference; lastKnownFileType = file; path = Jost.ttf; sourceTree = "<group>"; };
		E9DBCB4A2D3C216000C96DE8 /* book.json */ = {isa = PBXFileReference; fileEncoding = 4; lastKnownFileType = text.json; path = book.json; sourceTree = "<group>"; };
/* End PBXFileReference section */

/* Begin PBXFrameworksBuildPhase section */
		E9DBCB292D3C0BD700C96DE8 /* Frameworks */ = {
			isa = PBXFrameworksBuildPhase;
			buildActionMask = 2147483647;
			files = (
				E9DBCB482D3C1B9300C96DE8 /* Lottie in Frameworks */,
			);
			runOnlyForDeploymentPostprocessing = 0;
		};
/* End PBXFrameworksBuildPhase section */

/* Begin PBXGroup section */
		E90569122D50894500B746ED /* RegistView */ = {
			isa = PBXGroup;
			children = (
				E90569142D5089C900B746ED /* Presenter */,
				E90569132D5089B500B746ED /* View */,
			);
			path = RegistView;
			sourceTree = "<group>";
		};
		E90569132D5089B500B746ED /* View */ = {
			isa = PBXGroup;
			children = (
			);
			path = View;
			sourceTree = "<group>";
		};
		E90569142D5089C900B746ED /* Presenter */ = {
			isa = PBXGroup;
			children = (
			);
			path = Presenter;
			sourceTree = "<group>";
		};
		E90569152D5089FA00B746ED /* Builder */ = {
			isa = PBXGroup;
			children = (
				E90569162D508A2100B746ED /* Builder.swift */,
			);
			path = Builder;
			sourceTree = "<group>";
		};
		E953363D2D3F770B00161C8A /* Helpers */ = {
			isa = PBXGroup;
			children = (
				E953363E2D3F780000161C8A /* Extensions */,
			);
			path = Helpers;
			sourceTree = "<group>";
		};
		E953363E2D3F780000161C8A /* Extensions */ = {
			isa = PBXGroup;
			children = (
				E953363F2D3F784400161C8A /* Notification.Name.ext.swift */,
			);
			path = Extensions;
			sourceTree = "<group>";
		};
		E9A1E8862D436CD9003DDE57 /* Module */ = {
			isa = PBXGroup;
			children = (
				E90569122D50894500B746ED /* RegistView */,
				E9A1E8872D436D22003DDE57 /* PreviewView */,
			);
			path = Module;
			sourceTree = "<group>";
		};
		E9A1E8872D436D22003DDE57 /* PreviewView */ = {
			isa = PBXGroup;
			children = (
				E9A1E8882D436D88003DDE57 /* View */,
			);
			path = PreviewView;
			sourceTree = "<group>";
		};
		E9A1E8882D436D88003DDE57 /* View */ = {
			isa = PBXGroup;
			children = (
				E9A1E8892D436E15003DDE57 /* PreviewView.swift */,
			);
			path = View;
			sourceTree = "<group>";
		};
		E9DBCB232D3C0BD700C96DE8 = {
			isa = PBXGroup;
			children = (
				E9DBCB2E2D3C0BD700C96DE8 /* bookshelf */,
				E9DBCB2D2D3C0BD700C96DE8 /* Products */,
			);
			sourceTree = "<group>";
		};
		E9DBCB2D2D3C0BD700C96DE8 /* Products */ = {
			isa = PBXGroup;
			children = (
				E9DBCB2C2D3C0BD700C96DE8 /* bookshelf.app */,
			);
			name = Products;
			sourceTree = "<group>";
		};
		E9DBCB2E2D3C0BD700C96DE8 /* bookshelf */ = {
			isa = PBXGroup;
			children = (
				E90569152D5089FA00B746ED /* Builder */,
				E9A1E8862D436CD9003DDE57 /* Module */,
				E953363D2D3F770B00161C8A /* Helpers */,
				E9DBCB492D3C20FF00C96DE8 /* Lottie */,
				E9DBCB432D3C14A400C96DE8 /* Fonts */,
				E9DBCB2F2D3C0BD700C96DE8 /* AppDelegate.swift */,
				E9DBCB312D3C0BD700C96DE8 /* SceneDelegate.swift */,
				E9DBCB382D3C0BD800C96DE8 /* Assets.xcassets */,
				E9DBCB3A2D3C0BD800C96DE8 /* LaunchScreen.storyboard */,
				E9DBCB3D2D3C0BD800C96DE8 /* Info.plist */,
			);
			path = bookshelf;
			sourceTree = "<group>";
		};
		E9DBCB432D3C14A400C96DE8 /* Fonts */ = {
			isa = PBXGroup;
			children = (
				E9DBCB442D3C14DB00C96DE8 /* Jost.ttf */,
				E953363B2D3F6CCC00161C8A /* FontManager.swift */,
			);
			path = Fonts;
			sourceTree = "<group>";
		};
		E9DBCB492D3C20FF00C96DE8 /* Lottie */ = {
			isa = PBXGroup;
			children = (
				E9A1E88D2D475EDD003DDE57 /* bookAnimation.json */,
				E9DBCB4A2D3C216000C96DE8 /* book.json */,
			);
			path = Lottie;
			sourceTree = "<group>";
		};
/* End PBXGroup section */

/* Begin PBXNativeTarget section */
		E9DBCB2B2D3C0BD700C96DE8 /* bookshelf */ = {
			isa = PBXNativeTarget;
			buildConfigurationList = E9DBCB402D3C0BD800C96DE8 /* Build configuration list for PBXNativeTarget "bookshelf" */;
			buildPhases = (
				E9DBCB282D3C0BD700C96DE8 /* Sources */,
				E9DBCB292D3C0BD700C96DE8 /* Frameworks */,
				E9DBCB2A2D3C0BD700C96DE8 /* Resources */,
			);
			buildRules = (
			);
			dependencies = (
			);
			name = bookshelf;
			packageProductDependencies = (
				E9DBCB472D3C1B9300C96DE8 /* Lottie */,
			);
			productName = bookshelf;
			productReference = E9DBCB2C2D3C0BD700C96DE8 /* bookshelf.app */;
			productType = "com.apple.product-type.application";
		};
/* End PBXNativeTarget section */

/* Begin PBXProject section */
		E9DBCB242D3C0BD700C96DE8 /* Project object */ = {
			isa = PBXProject;
			attributes = {
				BuildIndependentTargetsInParallel = 1;
				LastSwiftUpdateCheck = 1430;
				LastUpgradeCheck = 1430;
				TargetAttributes = {
					E9DBCB2B2D3C0BD700C96DE8 = {
						CreatedOnToolsVersion = 14.3.1;
					};
				};
			};
			buildConfigurationList = E9DBCB272D3C0BD700C96DE8 /* Build configuration list for PBXProject "bookshelf" */;
			compatibilityVersion = "Xcode 14.0";
			developmentRegion = en;
			hasScannedForEncodings = 0;
			knownRegions = (
				en,
				Base,
			);
			mainGroup = E9DBCB232D3C0BD700C96DE8;
			packageReferences = (
				E9DBCB462D3C1B9300C96DE8 /* XCRemoteSwiftPackageReference "lottie-ios" */,
			);
			productRefGroup = E9DBCB2D2D3C0BD700C96DE8 /* Products */;
			projectDirPath = "";
			projectRoot = "";
			targets = (
				E9DBCB2B2D3C0BD700C96DE8 /* bookshelf */,
			);
		};
/* End PBXProject section */

/* Begin PBXResourcesBuildPhase section */
		E9DBCB2A2D3C0BD700C96DE8 /* Resources */ = {
			isa = PBXResourcesBuildPhase;
			buildActionMask = 2147483647;
			files = (
				E9A1E88E2D475EDD003DDE57 /* bookAnimation.json in Resources */,
				E9DBCB452D3C14DB00C96DE8 /* Jost.ttf in Resources */,
				E9DBCB3C2D3C0BD800C96DE8 /* LaunchScreen.storyboard in Resources */,
				E9DBCB392D3C0BD800C96DE8 /* Assets.xcassets in Resources */,
				E9DBCB4B2D3C216000C96DE8 /* book.json in Resources */,
			);
			runOnlyForDeploymentPostprocessing = 0;
		};
/* End PBXResourcesBuildPhase section */

/* Begin PBXSourcesBuildPhase section */
		E9DBCB282D3C0BD700C96DE8 /* Sources */ = {
			isa = PBXSourcesBuildPhase;
			buildActionMask = 2147483647;
			files = (
				E9A1E88A2D436E15003DDE57 /* PreviewView.swift in Sources */,
				E95336402D3F784400161C8A /* Notification.Name.ext.swift in Sources */,
				E9DBCB302D3C0BD700C96DE8 /* AppDelegate.swift in Sources */,
				E953363C2D3F6CCC00161C8A /* FontManager.swift in Sources */,
				E9DBCB322D3C0BD700C96DE8 /* SceneDelegate.swift in Sources */,
				E90569172D508A2100B746ED /* Builder.swift in Sources */,
			);
			runOnlyForDeploymentPostprocessing = 0;
		};
/* End PBXSourcesBuildPhase section */

/* Begin PBXVariantGroup section */
		E9DBCB3A2D3C0BD800C96DE8 /* LaunchScreen.storyboard */ = {
			isa = PBXVariantGroup;
			children = (
				E9DBCB3B2D3C0BD800C96DE8 /* Base */,
			);
			name = LaunchScreen.storyboard;
			sourceTree = "<group>";
		};
/* End PBXVariantGroup section */

/* Begin XCBuildConfiguration section */
		E9DBCB3E2D3C0BD800C96DE8 /* Debug */ = {
			isa = XCBuildConfiguration;
			buildSettings = {
				ALWAYS_SEARCH_USER_PATHS = NO;
				CLANG_ANALYZER_NONNULL = YES;
				CLANG_ANALYZER_NUMBER_OBJECT_CONVERSION = YES_AGGRESSIVE;
				CLANG_CXX_LANGUAGE_STANDARD = "gnu++20";
				CLANG_ENABLE_MODULES = YES;
				CLANG_ENABLE_OBJC_ARC = YES;
				CLANG_ENABLE_OBJC_WEAK = YES;
				CLANG_WARN_BLOCK_CAPTURE_AUTORELEASING = YES;
				CLANG_WARN_BOOL_CONVERSION = YES;
				CLANG_WARN_COMMA = YES;
				CLANG_WARN_CONSTANT_CONVERSION = YES;
				CLANG_WARN_DEPRECATED_OBJC_IMPLEMENTATIONS = YES;
				CLANG_WARN_DIRECT_OBJC_ISA_USAGE = YES_ERROR;
				CLANG_WARN_DOCUMENTATION_COMMENTS = YES;
				CLANG_WARN_EMPTY_BODY = YES;
				CLANG_WARN_ENUM_CONVERSION = YES;
				CLANG_WARN_INFINITE_RECURSION = YES;
				CLANG_WARN_INT_CONVERSION = YES;
				CLANG_WARN_NON_LITERAL_NULL_CONVERSION = YES;
				CLANG_WARN_OBJC_IMPLICIT_RETAIN_SELF = YES;
				CLANG_WARN_OBJC_LITERAL_CONVERSION = YES;
				CLANG_WARN_OBJC_ROOT_CLASS = YES_ERROR;
				CLANG_WARN_QUOTED_INCLUDE_IN_FRAMEWORK_HEADER = YES;
				CLANG_WARN_RANGE_LOOP_ANALYSIS = YES;
				CLANG_WARN_STRICT_PROTOTYPES = YES;
				CLANG_WARN_SUSPICIOUS_MOVE = YES;
				CLANG_WARN_UNGUARDED_AVAILABILITY = YES_AGGRESSIVE;
				CLANG_WARN_UNREACHABLE_CODE = YES;
				CLANG_WARN__DUPLICATE_METHOD_MATCH = YES;
				COPY_PHASE_STRIP = NO;
				DEBUG_INFORMATION_FORMAT = dwarf;
				ENABLE_STRICT_OBJC_MSGSEND = YES;
				ENABLE_TESTABILITY = YES;
				GCC_C_LANGUAGE_STANDARD = gnu11;
				GCC_DYNAMIC_NO_PIC = NO;
				GCC_NO_COMMON_BLOCKS = YES;
				GCC_OPTIMIZATION_LEVEL = 0;
				GCC_PREPROCESSOR_DEFINITIONS = (
					"DEBUG=1",
					"$(inherited)",
				);
				GCC_WARN_64_TO_32_BIT_CONVERSION = YES;
				GCC_WARN_ABOUT_RETURN_TYPE = YES_ERROR;
				GCC_WARN_UNDECLARED_SELECTOR = YES;
				GCC_WARN_UNINITIALIZED_AUTOS = YES_AGGRESSIVE;
				GCC_WARN_UNUSED_FUNCTION = YES;
				GCC_WARN_UNUSED_VARIABLE = YES;
				IPHONEOS_DEPLOYMENT_TARGET = 16.4;
				MTL_ENABLE_DEBUG_INFO = INCLUDE_SOURCE;
				MTL_FAST_MATH = YES;
				ONLY_ACTIVE_ARCH = YES;
				SDKROOT = iphoneos;
				SWIFT_ACTIVE_COMPILATION_CONDITIONS = DEBUG;
				SWIFT_OPTIMIZATION_LEVEL = "-Onone";
			};
			name = Debug;
		};
		E9DBCB3F2D3C0BD800C96DE8 /* Release */ = {
			isa = XCBuildConfiguration;
			buildSettings = {
				ALWAYS_SEARCH_USER_PATHS = NO;
				CLANG_ANALYZER_NONNULL = YES;
				CLANG_ANALYZER_NUMBER_OBJECT_CONVERSION = YES_AGGRESSIVE;
				CLANG_CXX_LANGUAGE_STANDARD = "gnu++20";
				CLANG_ENABLE_MODULES = YES;
				CLANG_ENABLE_OBJC_ARC = YES;
				CLANG_ENABLE_OBJC_WEAK = YES;
				CLANG_WARN_BLOCK_CAPTURE_AUTORELEASING = YES;
				CLANG_WARN_BOOL_CONVERSION = YES;
				CLANG_WARN_COMMA = YES;
				CLANG_WARN_CONSTANT_CONVERSION = YES;
				CLANG_WARN_DEPRECATED_OBJC_IMPLEMENTATIONS = YES;
				CLANG_WARN_DIRECT_OBJC_ISA_USAGE = YES_ERROR;
				CLANG_WARN_DOCUMENTATION_COMMENTS = YES;
				CLANG_WARN_EMPTY_BODY = YES;
				CLANG_WARN_ENUM_CONVERSION = YES;
				CLANG_WARN_INFINITE_RECURSION = YES;
				CLANG_WARN_INT_CONVERSION = YES;
				CLANG_WARN_NON_LITERAL_NULL_CONVERSION = YES;
				CLANG_WARN_OBJC_IMPLICIT_RETAIN_SELF = YES;
				CLANG_WARN_OBJC_LITERAL_CONVERSION = YES;
				CLANG_WARN_OBJC_ROOT_CLASS = YES_ERROR;
				CLANG_WARN_QUOTED_INCLUDE_IN_FRAMEWORK_HEADER = YES;
				CLANG_WARN_RANGE_LOOP_ANALYSIS = YES;
				CLANG_WARN_STRICT_PROTOTYPES = YES;
				CLANG_WARN_SUSPICIOUS_MOVE = YES;
				CLANG_WARN_UNGUARDED_AVAILABILITY = YES_AGGRESSIVE;
				CLANG_WARN_UNREACHABLE_CODE = YES;
				CLANG_WARN__DUPLICATE_METHOD_MATCH = YES;
				COPY_PHASE_STRIP = NO;
				DEBUG_INFORMATION_FORMAT = "dwarf-with-dsym";
				ENABLE_NS_ASSERTIONS = NO;
				ENABLE_STRICT_OBJC_MSGSEND = YES;
				GCC_C_LANGUAGE_STANDARD = gnu11;
				GCC_NO_COMMON_BLOCKS = YES;
				GCC_WARN_64_TO_32_BIT_CONVERSION = YES;
				GCC_WARN_ABOUT_RETURN_TYPE = YES_ERROR;
				GCC_WARN_UNDECLARED_SELECTOR = YES;
				GCC_WARN_UNINITIALIZED_AUTOS = YES_AGGRESSIVE;
				GCC_WARN_UNUSED_FUNCTION = YES;
				GCC_WARN_UNUSED_VARIABLE = YES;
				IPHONEOS_DEPLOYMENT_TARGET = 16.4;
				MTL_ENABLE_DEBUG_INFO = NO;
				MTL_FAST_MATH = YES;
				SDKROOT = iphoneos;
				SWIFT_COMPILATION_MODE = wholemodule;
				SWIFT_OPTIMIZATION_LEVEL = "-O";
				VALIDATE_PRODUCT = YES;
			};
			name = Release;
		};
		E9DBCB412D3C0BD800C96DE8 /* Debug */ = {
			isa = XCBuildConfiguration;
			buildSettings = {
				ASSETCATALOG_COMPILER_APPICON_NAME = AppIcon;
				ASSETCATALOG_COMPILER_GLOBAL_ACCENT_COLOR_NAME = AccentColor;
				CODE_SIGN_STYLE = Automatic;
				CURRENT_PROJECT_VERSION = 1;
				DEVELOPMENT_TEAM = UC593NQP5W;
				GENERATE_INFOPLIST_FILE = YES;
				INFOPLIST_FILE = bookshelf/Info.plist;
				INFOPLIST_KEY_UIApplicationSupportsIndirectInputEvents = YES;
				INFOPLIST_KEY_UILaunchStoryboardName = LaunchScreen;
				INFOPLIST_KEY_UISupportedInterfaceOrientations_iPad = "UIInterfaceOrientationPortrait UIInterfaceOrientationPortraitUpsideDown UIInterfaceOrientationLandscapeLeft UIInterfaceOrientationLandscapeRight";
				INFOPLIST_KEY_UISupportedInterfaceOrientations_iPhone = "UIInterfaceOrientationPortrait UIInterfaceOrientationLandscapeLeft UIInterfaceOrientationLandscapeRight";
				LD_RUNPATH_SEARCH_PATHS = (
					"$(inherited)",
					"@executable_path/Frameworks",
				);
				MARKETING_VERSION = 1.0;
				PRODUCT_BUNDLE_IDENTIFIER = ru.lunin.bookshelf;
				PRODUCT_NAME = "$(TARGET_NAME)";
				SWIFT_EMIT_LOC_STRINGS = YES;
				SWIFT_VERSION = 5.0;
				TARGETED_DEVICE_FAMILY = "1,2";
			};
			name = Debug;
		};
		E9DBCB422D3C0BD800C96DE8 /* Release */ = {
			isa = XCBuildConfiguration;
			buildSettings = {
				ASSETCATALOG_COMPILER_APPICON_NAME = AppIcon;
				ASSETCATALOG_COMPILER_GLOBAL_ACCENT_COLOR_NAME = AccentColor;
				CODE_SIGN_STYLE = Automatic;
				CURRENT_PROJECT_VERSION = 1;
				DEVELOPMENT_TEAM = UC593NQP5W;
				GENERATE_INFOPLIST_FILE = YES;
				INFOPLIST_FILE = bookshelf/Info.plist;
				INFOPLIST_KEY_UIApplicationSupportsIndirectInputEvents = YES;
				INFOPLIST_KEY_UILaunchStoryboardName = LaunchScreen;
				INFOPLIST_KEY_UISupportedInterfaceOrientations_iPad = "UIInterfaceOrientationPortrait UIInterfaceOrientationPortraitUpsideDown UIInterfaceOrientationLandscapeLeft UIInterfaceOrientationLandscapeRight";
				INFOPLIST_KEY_UISupportedInterfaceOrientations_iPhone = "UIInterfaceOrientationPortrait UIInterfaceOrientationLandscapeLeft UIInterfaceOrientationLandscapeRight";
				LD_RUNPATH_SEARCH_PATHS = (
					"$(inherited)",
					"@executable_path/Frameworks",
				);
				MARKETING_VERSION = 1.0;
				PRODUCT_BUNDLE_IDENTIFIER = ru.lunin.bookshelf;
				PRODUCT_NAME = "$(TARGET_NAME)";
				SWIFT_EMIT_LOC_STRINGS = YES;
				SWIFT_VERSION = 5.0;
				TARGETED_DEVICE_FAMILY = "1,2";
			};
			name = Release;
		};
/* End XCBuildConfiguration section */

/* Begin XCConfigurationList section */
		E9DBCB272D3C0BD700C96DE8 /* Build configuration list for PBXProject "bookshelf" */ = {
			isa = XCConfigurationList;
			buildConfigurations = (
				E9DBCB3E2D3C0BD800C96DE8 /* Debug */,
				E9DBCB3F2D3C0BD800C96DE8 /* Release */,
			);
			defaultConfigurationIsVisible = 0;
			defaultConfigurationName = Release;
		};
		E9DBCB402D3C0BD800C96DE8 /* Build configuration list for PBXNativeTarget "bookshelf" */ = {
			isa = XCConfigurationList;
			buildConfigurations = (
				E9DBCB412D3C0BD800C96DE8 /* Debug */,
				E9DBCB422D3C0BD800C96DE8 /* Release */,
			);
			defaultConfigurationIsVisible = 0;
			defaultConfigurationName = Release;
		};
/* End XCConfigurationList section */

/* Begin XCRemoteSwiftPackageReference section */
		E9DBCB462D3C1B9300C96DE8 /* XCRemoteSwiftPackageReference "lottie-ios" */ = {
			isa = XCRemoteSwiftPackageReference;
			repositoryURL = "https://github.com/airbnb/lottie-ios.git";
			requirement = {
				kind = upToNextMajorVersion;
				minimumVersion = 4.0.0;
			};
		};
/* End XCRemoteSwiftPackageReference section */

/* Begin XCSwiftPackageProductDependency section */
		E9DBCB472D3C1B9300C96DE8 /* Lottie */ = {
			isa = XCSwiftPackageProductDependency;
			package = E9DBCB462D3C1B9300C96DE8 /* XCRemoteSwiftPackageReference "lottie-ios" */;
			productName = Lottie;
		};
/* End XCSwiftPackageProductDependency section */
	};
	rootObject = E9DBCB242D3C0BD700C96DE8 /* Project object */;
}
